// !$*UTF8*$!
{
	archiveVersion = 1;
	classes = {
	};
	objectVersion = 50;
	objects = {

/* Begin PBXBuildFile section */
		1D4D20E3361747D1A4362290 /* UIImage+Rotate.h in Headers */ = {isa = PBXBuildFile; fileRef = 1D4D23FE0A5A8753B984E887 /* UIImage+Rotate.h */; };
		1D4D2FB92CCDB185796B0FF9 /* UIImage+Rotate.m in Sources */ = {isa = PBXBuildFile; fileRef = 1D4D23063BCFB576DA6BB1C0 /* UIImage+Rotate.m */; };
		AE11101420CDF5B500AA7464 /* YunWebViewHeader.h in Headers */ = {isa = PBXBuildFile; fileRef = AE11101220CDF5B500AA7464 /* YunWebViewHeader.h */; settings = {ATTRIBUTES = (Public, ); }; };
		AE9AF03421070E25006C249D /* YunWebViewController.h in Headers */ = {isa = PBXBuildFile; fileRef = AE9AF01921070E25006C249D /* YunWebViewController.h */; };
		AE9AF03521070E25006C249D /* YunWebViewController.m in Sources */ = {isa = PBXBuildFile; fileRef = AE9AF01A21070E25006C249D /* YunWebViewController.m */; };
		AE9AF03621070E25006C249D /* YunWebViewConfig.h in Headers */ = {isa = PBXBuildFile; fileRef = AE9AF01C21070E25006C249D /* YunWebViewConfig.h */; };
		AE9AF03721070E25006C249D /* YunWebViewConfig.m in Sources */ = {isa = PBXBuildFile; fileRef = AE9AF01D21070E25006C249D /* YunWebViewConfig.m */; };
		AE9AF03821070E25006C249D /* YunWebViewDefine.h in Headers */ = {isa = PBXBuildFile; fileRef = AE9AF01E21070E25006C249D /* YunWebViewDefine.h */; };
		AE9AF03921070E25006C249D /* YunWebViewDefine.m in Sources */ = {isa = PBXBuildFile; fileRef = AE9AF01F21070E25006C249D /* YunWebViewDefine.m */; };
		AE9AF03A21070E25006C249D /* YunWebViewDemo.html in Resources */ = {isa = PBXBuildFile; fileRef = AE9AF02021070E25006C249D /* YunWebViewDemo.html */; };
		AE9AF03B21070E25006C249D /* YwvErrorQueryModel.h in Headers */ = {isa = PBXBuildFile; fileRef = AE9AF02121070E25006C249D /* YwvErrorQueryModel.h */; };
		AE9AF03C21070E25006C249D /* YwvErrorQueryModel.m in Sources */ = {isa = PBXBuildFile; fileRef = AE9AF02221070E25006C249D /* YwvErrorQueryModel.m */; };
		AE9AF03D21070E25006C249D /* YwvFontQueryModel.h in Headers */ = {isa = PBXBuildFile; fileRef = AE9AF02321070E25006C249D /* YwvFontQueryModel.h */; };
		AE9AF03E21070E25006C249D /* YwvFontQueryModel.m in Sources */ = {isa = PBXBuildFile; fileRef = AE9AF02421070E25006C249D /* YwvFontQueryModel.m */; };
		AE9AF03F21070E25006C249D /* YwvHelper.h in Headers */ = {isa = PBXBuildFile; fileRef = AE9AF02521070E25006C249D /* YwvHelper.h */; };
		AE9AF04021070E25006C249D /* YwvHelper.m in Sources */ = {isa = PBXBuildFile; fileRef = AE9AF02621070E25006C249D /* YwvHelper.m */; };
		AE9AF04121070E25006C249D /* YwvImgItem.h in Headers */ = {isa = PBXBuildFile; fileRef = AE9AF02721070E25006C249D /* YwvImgItem.h */; };
		AE9AF04221070E25006C249D /* YwvImgItem.m in Sources */ = {isa = PBXBuildFile; fileRef = AE9AF02821070E25006C249D /* YwvImgItem.m */; };
		AE9AF04321070E25006C249D /* YwvImgList.h in Headers */ = {isa = PBXBuildFile; fileRef = AE9AF02921070E25006C249D /* YwvImgList.h */; };
		AE9AF04421070E25006C249D /* YwvImgList.m in Sources */ = {isa = PBXBuildFile; fileRef = AE9AF02A21070E25006C249D /* YwvImgList.m */; };
		AE9AF04521070E25006C249D /* YwvImgQueryModel.h in Headers */ = {isa = PBXBuildFile; fileRef = AE9AF02B21070E25006C249D /* YwvImgQueryModel.h */; };
		AE9AF04621070E25006C249D /* YwvImgQueryModel.m in Sources */ = {isa = PBXBuildFile; fileRef = AE9AF02C21070E25006C249D /* YwvImgQueryModel.m */; };
		AE9AF04721070E25006C249D /* YwvMediaQueryModel.h in Headers */ = {isa = PBXBuildFile; fileRef = AE9AF02D21070E25006C249D /* YwvMediaQueryModel.h */; };
		AE9AF04821070E25006C249D /* YwvMediaQueryModel.m in Sources */ = {isa = PBXBuildFile; fileRef = AE9AF02E21070E25006C249D /* YwvMediaQueryModel.m */; };
		AE9AF04921070E25006C249D /* YwvNagQueryModel.h in Headers */ = {isa = PBXBuildFile; fileRef = AE9AF02F21070E25006C249D /* YwvNagQueryModel.h */; };
		AE9AF04A21070E25006C249D /* YwvNagQueryModel.m in Sources */ = {isa = PBXBuildFile; fileRef = AE9AF03021070E25006C249D /* YwvNagQueryModel.m */; };
		AE9AF04B21070E25006C249D /* YwvVcQueryModel.h in Headers */ = {isa = PBXBuildFile; fileRef = AE9AF03121070E25006C249D /* YwvVcQueryModel.h */; };
		AE9AF04C21070E25006C249D /* YwvVcQueryModel.m in Sources */ = {isa = PBXBuildFile; fileRef = AE9AF03221070E25006C249D /* YwvVcQueryModel.m */; };
		E54AAA8CF33EF8E601773CCF /* libPods-YunWebView.a in Frameworks */ = {isa = PBXBuildFile; fileRef = 59E856C7A7B48F03EF282053 /* libPods-YunWebView.a */; };
/* End PBXBuildFile section */

/* Begin PBXFileReference section */
		1D4D23063BCFB576DA6BB1C0 /* UIImage+Rotate.m */ = {isa = PBXFileReference; fileEncoding = 4; lastKnownFileType = sourcecode.c.objc; path = "UIImage+Rotate.m"; sourceTree = "<group>"; };
		1D4D23FE0A5A8753B984E887 /* UIImage+Rotate.h */ = {isa = PBXFileReference; fileEncoding = 4; lastKnownFileType = sourcecode.c.h; path = "UIImage+Rotate.h"; sourceTree = "<group>"; };
		1EDBB55FBCB02EA53428A399 /* Pods-YunWebView.release.xcconfig */ = {isa = PBXFileReference; includeInIndex = 1; lastKnownFileType = text.xcconfig; name = "Pods-YunWebView.release.xcconfig"; path = "Pods/Target Support Files/Pods-YunWebView/Pods-YunWebView.release.xcconfig"; sourceTree = "<group>"; };
		59E856C7A7B48F03EF282053 /* libPods-YunWebView.a */ = {isa = PBXFileReference; explicitFileType = archive.ar; includeInIndex = 0; path = "libPods-YunWebView.a"; sourceTree = BUILT_PRODUCTS_DIR; };
		AE11100F20CDF5B500AA7464 /* YunWebView.framework */ = {isa = PBXFileReference; explicitFileType = wrapper.framework; includeInIndex = 0; path = YunWebView.framework; sourceTree = BUILT_PRODUCTS_DIR; };
		AE11101220CDF5B500AA7464 /* YunWebViewHeader.h */ = {isa = PBXFileReference; lastKnownFileType = sourcecode.c.h; path = YunWebViewHeader.h; sourceTree = "<group>"; };
		AE11101320CDF5B500AA7464 /* Info.plist */ = {isa = PBXFileReference; lastKnownFileType = text.plist.xml; path = Info.plist; sourceTree = "<group>"; };
		AE9AF01921070E25006C249D /* YunWebViewController.h */ = {isa = PBXFileReference; fileEncoding = 4; lastKnownFileType = sourcecode.c.h; path = YunWebViewController.h; sourceTree = "<group>"; };
		AE9AF01A21070E25006C249D /* YunWebViewController.m */ = {isa = PBXFileReference; fileEncoding = 4; lastKnownFileType = sourcecode.c.objc; path = YunWebViewController.m; sourceTree = "<group>"; };
		AE9AF01C21070E25006C249D /* YunWebViewConfig.h */ = {isa = PBXFileReference; fileEncoding = 4; lastKnownFileType = sourcecode.c.h; path = YunWebViewConfig.h; sourceTree = "<group>"; };
		AE9AF01D21070E25006C249D /* YunWebViewConfig.m */ = {isa = PBXFileReference; fileEncoding = 4; lastKnownFileType = sourcecode.c.objc; path = YunWebViewConfig.m; sourceTree = "<group>"; };
		AE9AF01E21070E25006C249D /* YunWebViewDefine.h */ = {isa = PBXFileReference; fileEncoding = 4; lastKnownFileType = sourcecode.c.h; path = YunWebViewDefine.h; sourceTree = "<group>"; };
		AE9AF01F21070E25006C249D /* YunWebViewDefine.m */ = {isa = PBXFileReference; fileEncoding = 4; lastKnownFileType = sourcecode.c.objc; path = YunWebViewDefine.m; sourceTree = "<group>"; };
		AE9AF02021070E25006C249D /* YunWebViewDemo.html */ = {isa = PBXFileReference; fileEncoding = 4; lastKnownFileType = text.html; path = YunWebViewDemo.html; sourceTree = "<group>"; };
		AE9AF02121070E25006C249D /* YwvErrorQueryModel.h */ = {isa = PBXFileReference; fileEncoding = 4; lastKnownFileType = sourcecode.c.h; path = YwvErrorQueryModel.h; sourceTree = "<group>"; };
		AE9AF02221070E25006C249D /* YwvErrorQueryModel.m */ = {isa = PBXFileReference; fileEncoding = 4; lastKnownFileType = sourcecode.c.objc; path = YwvErrorQueryModel.m; sourceTree = "<group>"; };
		AE9AF02321070E25006C249D /* YwvFontQueryModel.h */ = {isa = PBXFileReference; fileEncoding = 4; lastKnownFileType = sourcecode.c.h; path = YwvFontQueryModel.h; sourceTree = "<group>"; };
		AE9AF02421070E25006C249D /* YwvFontQueryModel.m */ = {isa = PBXFileReference; fileEncoding = 4; lastKnownFileType = sourcecode.c.objc; path = YwvFontQueryModel.m; sourceTree = "<group>"; };
		AE9AF02521070E25006C249D /* YwvHelper.h */ = {isa = PBXFileReference; fileEncoding = 4; lastKnownFileType = sourcecode.c.h; path = YwvHelper.h; sourceTree = "<group>"; };
		AE9AF02621070E25006C249D /* YwvHelper.m */ = {isa = PBXFileReference; fileEncoding = 4; lastKnownFileType = sourcecode.c.objc; path = YwvHelper.m; sourceTree = "<group>"; };
		AE9AF02721070E25006C249D /* YwvImgItem.h */ = {isa = PBXFileReference; fileEncoding = 4; lastKnownFileType = sourcecode.c.h; path = YwvImgItem.h; sourceTree = "<group>"; };
		AE9AF02821070E25006C249D /* YwvImgItem.m */ = {isa = PBXFileReference; fileEncoding = 4; lastKnownFileType = sourcecode.c.objc; path = YwvImgItem.m; sourceTree = "<group>"; };
		AE9AF02921070E25006C249D /* YwvImgList.h */ = {isa = PBXFileReference; fileEncoding = 4; lastKnownFileType = sourcecode.c.h; path = YwvImgList.h; sourceTree = "<group>"; };
		AE9AF02A21070E25006C249D /* YwvImgList.m */ = {isa = PBXFileReference; fileEncoding = 4; lastKnownFileType = sourcecode.c.objc; path = YwvImgList.m; sourceTree = "<group>"; };
		AE9AF02B21070E25006C249D /* YwvImgQueryModel.h */ = {isa = PBXFileReference; fileEncoding = 4; lastKnownFileType = sourcecode.c.h; path = YwvImgQueryModel.h; sourceTree = "<group>"; };
		AE9AF02C21070E25006C249D /* YwvImgQueryModel.m */ = {isa = PBXFileReference; fileEncoding = 4; lastKnownFileType = sourcecode.c.objc; path = YwvImgQueryModel.m; sourceTree = "<group>"; };
		AE9AF02D21070E25006C249D /* YwvMediaQueryModel.h */ = {isa = PBXFileReference; fileEncoding = 4; lastKnownFileType = sourcecode.c.h; path = YwvMediaQueryModel.h; sourceTree = "<group>"; };
		AE9AF02E21070E25006C249D /* YwvMediaQueryModel.m */ = {isa = PBXFileReference; fileEncoding = 4; lastKnownFileType = sourcecode.c.objc; path = YwvMediaQueryModel.m; sourceTree = "<group>"; };
		AE9AF02F21070E25006C249D /* YwvNagQueryModel.h */ = {isa = PBXFileReference; fileEncoding = 4; lastKnownFileType = sourcecode.c.h; path = YwvNagQueryModel.h; sourceTree = "<group>"; };
		AE9AF03021070E25006C249D /* YwvNagQueryModel.m */ = {isa = PBXFileReference; fileEncoding = 4; lastKnownFileType = sourcecode.c.objc; path = YwvNagQueryModel.m; sourceTree = "<group>"; };
		AE9AF03121070E25006C249D /* YwvVcQueryModel.h */ = {isa = PBXFileReference; fileEncoding = 4; lastKnownFileType = sourcecode.c.h; path = YwvVcQueryModel.h; sourceTree = "<group>"; };
		AE9AF03221070E25006C249D /* YwvVcQueryModel.m */ = {isa = PBXFileReference; fileEncoding = 4; lastKnownFileType = sourcecode.c.objc; path = YwvVcQueryModel.m; sourceTree = "<group>"; };
		AF6B2886ED605B4FDE154715 /* Pods-YunWebView.debug.xcconfig */ = {isa = PBXFileReference; includeInIndex = 1; lastKnownFileType = text.xcconfig; name = "Pods-YunWebView.debug.xcconfig"; path = "Pods/Target Support Files/Pods-YunWebView/Pods-YunWebView.debug.xcconfig"; sourceTree = "<group>"; };
/* End PBXFileReference section */

/* Begin PBXFrameworksBuildPhase section */
		AE11100B20CDF5B500AA7464 /* Frameworks */ = {
			isa = PBXFrameworksBuildPhase;
			buildActionMask = 2147483647;
			files = (
				E54AAA8CF33EF8E601773CCF /* libPods-YunWebView.a in Frameworks */,
			);
			runOnlyForDeploymentPostprocessing = 0;
		};
/* End PBXFrameworksBuildPhase section */

/* Begin PBXGroup section */
		1D4D21D626000AC0CCC48573 /* Classes */ = {
			isa = PBXGroup;
			children = (
				AE9AF01821070E25006C249D /* Controller */,
				AE9AF01B21070E25006C249D /* Model */,
				AE9AF03321070E25006C249D /* View */,
			);
			path = Classes;
			sourceTree = "<group>";
		};
		65700D4A0EC9A10D14B52BD2 /* Pods */ = {
			isa = PBXGroup;
			children = (
				AF6B2886ED605B4FDE154715 /* Pods-YunWebView.debug.xcconfig */,
				1EDBB55FBCB02EA53428A399 /* Pods-YunWebView.release.xcconfig */,
			);
			name = Pods;
			sourceTree = "<group>";
		};
		67A86A51267AE6106A6A5D7D /* Frameworks */ = {
			isa = PBXGroup;
			children = (
				59E856C7A7B48F03EF282053 /* libPods-YunWebView.a */,
			);
			name = Frameworks;
			sourceTree = "<group>";
		};
		AE11100520CDF5B500AA7464 = {
			isa = PBXGroup;
			children = (
				AE11101120CDF5B500AA7464 /* YunWebView */,
				AE11101020CDF5B500AA7464 /* Products */,
				65700D4A0EC9A10D14B52BD2 /* Pods */,
				67A86A51267AE6106A6A5D7D /* Frameworks */,
			);
			sourceTree = "<group>";
		};
		AE11101020CDF5B500AA7464 /* Products */ = {
			isa = PBXGroup;
			children = (
				AE11100F20CDF5B500AA7464 /* YunWebView.framework */,
			);
			name = Products;
			sourceTree = "<group>";
		};
		AE11101120CDF5B500AA7464 /* YunWebView */ = {
			isa = PBXGroup;
			children = (
				AE11101220CDF5B500AA7464 /* YunWebViewHeader.h */,
				AE11101320CDF5B500AA7464 /* Info.plist */,
				1D4D21D626000AC0CCC48573 /* Classes */,
			);
			path = YunWebView;
			sourceTree = "<group>";
		};
		AE9AF01821070E25006C249D /* Controller */ = {
			isa = PBXGroup;
			children = (
				AE9AF01921070E25006C249D /* YunWebViewController.h */,
				AE9AF01A21070E25006C249D /* YunWebViewController.m */,
			);
			path = Controller;
			sourceTree = "<group>";
		};
		AE9AF01B21070E25006C249D /* Model */ = {
			isa = PBXGroup;
			children = (
				AE9AF01C21070E25006C249D /* YunWebViewConfig.h */,
				AE9AF01D21070E25006C249D /* YunWebViewConfig.m */,
				AE9AF01E21070E25006C249D /* YunWebViewDefine.h */,
				AE9AF01F21070E25006C249D /* YunWebViewDefine.m */,
				AE9AF02021070E25006C249D /* YunWebViewDemo.html */,
				AE9AF02121070E25006C249D /* YwvErrorQueryModel.h */,
				AE9AF02221070E25006C249D /* YwvErrorQueryModel.m */,
				AE9AF02321070E25006C249D /* YwvFontQueryModel.h */,
				AE9AF02421070E25006C249D /* YwvFontQueryModel.m */,
				AE9AF02521070E25006C249D /* YwvHelper.h */,
				AE9AF02621070E25006C249D /* YwvHelper.m */,
				AE9AF02721070E25006C249D /* YwvImgItem.h */,
				AE9AF02821070E25006C249D /* YwvImgItem.m */,
				AE9AF02921070E25006C249D /* YwvImgList.h */,
				AE9AF02A21070E25006C249D /* YwvImgList.m */,
				AE9AF02B21070E25006C249D /* YwvImgQueryModel.h */,
				AE9AF02C21070E25006C249D /* YwvImgQueryModel.m */,
				AE9AF02D21070E25006C249D /* YwvMediaQueryModel.h */,
				AE9AF02E21070E25006C249D /* YwvMediaQueryModel.m */,
				AE9AF02F21070E25006C249D /* YwvNagQueryModel.h */,
				AE9AF03021070E25006C249D /* YwvNagQueryModel.m */,
				AE9AF03121070E25006C249D /* YwvVcQueryModel.h */,
				AE9AF03221070E25006C249D /* YwvVcQueryModel.m */,
				1D4D23063BCFB576DA6BB1C0 /* UIImage+Rotate.m */,
				1D4D23FE0A5A8753B984E887 /* UIImage+Rotate.h */,
			);
			path = Model;
			sourceTree = "<group>";
		};
		AE9AF03321070E25006C249D /* View */ = {
			isa = PBXGroup;
			children = (
			);
			path = View;
			sourceTree = "<group>";
		};
/* End PBXGroup section */

/* Begin PBXHeadersBuildPhase section */
		AE11100C20CDF5B500AA7464 /* Headers */ = {
			isa = PBXHeadersBuildPhase;
			buildActionMask = 2147483647;
			files = (
				AE9AF03821070E25006C249D /* YunWebViewDefine.h in Headers */,
				AE11101420CDF5B500AA7464 /* YunWebViewHeader.h in Headers */,
				AE9AF04521070E25006C249D /* YwvImgQueryModel.h in Headers */,
				AE9AF04921070E25006C249D /* YwvNagQueryModel.h in Headers */,
				AE9AF04721070E25006C249D /* YwvMediaQueryModel.h in Headers */,
				AE9AF03621070E25006C249D /* YunWebViewConfig.h in Headers */,
				AE9AF03421070E25006C249D /* YunWebViewController.h in Headers */,
				AE9AF04B21070E25006C249D /* YwvVcQueryModel.h in Headers */,
				AE9AF04121070E25006C249D /* YwvImgItem.h in Headers */,
				AE9AF03B21070E25006C249D /* YwvErrorQueryModel.h in Headers */,
				AE9AF04321070E25006C249D /* YwvImgList.h in Headers */,
				AE9AF03D21070E25006C249D /* YwvFontQueryModel.h in Headers */,
				AE9AF03F21070E25006C249D /* YwvHelper.h in Headers */,
				1D4D20E3361747D1A4362290 /* UIImage+Rotate.h in Headers */,
			);
			runOnlyForDeploymentPostprocessing = 0;
		};
/* End PBXHeadersBuildPhase section */

/* Begin PBXNativeTarget section */
		AE11100E20CDF5B500AA7464 /* YunWebView */ = {
			isa = PBXNativeTarget;
			buildConfigurationList = AE11101720CDF5B500AA7464 /* Build configuration list for PBXNativeTarget "YunWebView" */;
			buildPhases = (
				7E5C908F4AC17B349587A6AE /* [CP] Check Pods Manifest.lock */,
				AE11100A20CDF5B500AA7464 /* Sources */,
				AE11100B20CDF5B500AA7464 /* Frameworks */,
				AE11100C20CDF5B500AA7464 /* Headers */,
				AE11100D20CDF5B500AA7464 /* Resources */,
				CC8BA6855668FC2761E59F58 /* [CP] Copy Pods Resources */,
			);
			buildRules = (
			);
			dependencies = (
			);
			name = YunWebView;
			productName = YunWebView;
			productReference = AE11100F20CDF5B500AA7464 /* YunWebView.framework */;
			productType = "com.apple.product-type.framework";
		};
/* End PBXNativeTarget section */

/* Begin PBXProject section */
		AE11100620CDF5B500AA7464 /* Project object */ = {
			isa = PBXProject;
			attributes = {
				LastUpgradeCheck = 0940;
				ORGANIZATIONNAME = yun;
				TargetAttributes = {
					AE11100E20CDF5B500AA7464 = {
						CreatedOnToolsVersion = 9.4;
					};
				};
			};
			buildConfigurationList = AE11100920CDF5B500AA7464 /* Build configuration list for PBXProject "YunWebView" */;
			compatibilityVersion = "Xcode 9.3";
			developmentRegion = en;
			hasScannedForEncodings = 0;
			knownRegions = (
				en,
				Base,
			);
			mainGroup = AE11100520CDF5B500AA7464;
			productRefGroup = AE11101020CDF5B500AA7464 /* Products */;
			projectDirPath = "";
			projectRoot = "";
			targets = (
				AE11100E20CDF5B500AA7464 /* YunWebView */,
			);
		};
/* End PBXProject section */

/* Begin PBXResourcesBuildPhase section */
		AE11100D20CDF5B500AA7464 /* Resources */ = {
			isa = PBXResourcesBuildPhase;
			buildActionMask = 2147483647;
			files = (
				AE9AF03A21070E25006C249D /* YunWebViewDemo.html in Resources */,
			);
			runOnlyForDeploymentPostprocessing = 0;
		};
/* End PBXResourcesBuildPhase section */

/* Begin PBXShellScriptBuildPhase section */
		7E5C908F4AC17B349587A6AE /* [CP] Check Pods Manifest.lock */ = {
			isa = PBXShellScriptBuildPhase;
			buildActionMask = 2147483647;
			files = (
			);
			inputPaths = (
				"${PODS_PODFILE_DIR_PATH}/Podfile.lock",
				"${PODS_ROOT}/Manifest.lock",
			);
			name = "[CP] Check Pods Manifest.lock";
			outputPaths = (
				"$(DERIVED_FILE_DIR)/Pods-YunWebView-checkManifestLockResult.txt",
			);
			runOnlyForDeploymentPostprocessing = 0;
			shellPath = /bin/sh;
			shellScript = "diff \"${PODS_PODFILE_DIR_PATH}/Podfile.lock\" \"${PODS_ROOT}/Manifest.lock\" > /dev/null\nif [ $? != 0 ] ; then\n    # print error to STDERR\n    echo \"error: The sandbox is not in sync with the Podfile.lock. Run 'pod install' or update your CocoaPods installation.\" >&2\n    exit 1\nfi\n# This output is used by Xcode 'outputs' to avoid re-running this script phase.\necho \"SUCCESS\" > \"${SCRIPT_OUTPUT_FILE_0}\"\n";
			showEnvVarsInLog = 0;
		};
		CC8BA6855668FC2761E59F58 /* [CP] Copy Pods Resources */ = {
			isa = PBXShellScriptBuildPhase;
			buildActionMask = 2147483647;
			files = (
			);
			inputPaths = (
				"${SRCROOT}/Pods/Target Support Files/Pods-YunWebView/Pods-YunWebView-resources.sh",
				"${PODS_ROOT}/TZImagePickerController/TZImagePickerController/TZImagePickerController/TZImagePickerController.bundle",
				"${PODS_ROOT}/YunImageBrowser/YunImageBrowser/YunImageBrowser/Assets/ImageError.png",
				"${PODS_ROOT}/YunImageBrowser/YunImageBrowser/YunImageBrowser/Assets/ImageError@2x.png",
				"${PODS_ROOT}/YunImageBrowser/YunImageBrowser/YunImageBrowser/Assets/ImageError@3x.png",
				"${PODS_ROOT}/YunImageBrowser/YunImageBrowser/YunImageBrowser/Assets/ImageSelectedOff.png",
				"${PODS_ROOT}/YunImageBrowser/YunImageBrowser/YunImageBrowser/Assets/ImageSelectedOff@2x.png",
				"${PODS_ROOT}/YunImageBrowser/YunImageBrowser/YunImageBrowser/Assets/ImageSelectedOff@3x.png",
				"${PODS_ROOT}/YunImageBrowser/YunImageBrowser/YunImageBrowser/Assets/ImageSelectedOn.png",
				"${PODS_ROOT}/YunImageBrowser/YunImageBrowser/YunImageBrowser/Assets/ImageSelectedOn@2x.png",
				"${PODS_ROOT}/YunImageBrowser/YunImageBrowser/YunImageBrowser/Assets/ImageSelectedOn@3x.png",
				"${PODS_ROOT}/YunImageBrowser/YunImageBrowser/YunImageBrowser/Assets/ImageSelectedSmallOff.png",
				"${PODS_ROOT}/YunImageBrowser/YunImageBrowser/YunImageBrowser/Assets/ImageSelectedSmallOff@2x.png",
				"${PODS_ROOT}/YunImageBrowser/YunImageBrowser/YunImageBrowser/Assets/ImageSelectedSmallOff@3x.png",
				"${PODS_ROOT}/YunImageBrowser/YunImageBrowser/YunImageBrowser/Assets/ImageSelectedSmallOn.png",
				"${PODS_ROOT}/YunImageBrowser/YunImageBrowser/YunImageBrowser/Assets/ImageSelectedSmallOn@2x.png",
				"${PODS_ROOT}/YunImageBrowser/YunImageBrowser/YunImageBrowser/Assets/ImageSelectedSmallOn@3x.png",
				"${PODS_ROOT}/YunImageBrowser/YunImageBrowser/YunImageBrowser/Assets/PlayButtonOverlayLarge.png",
				"${PODS_ROOT}/YunImageBrowser/YunImageBrowser/YunImageBrowser/Assets/PlayButtonOverlayLarge@2x.png",
				"${PODS_ROOT}/YunImageBrowser/YunImageBrowser/YunImageBrowser/Assets/PlayButtonOverlayLarge@3x.png",
				"${PODS_ROOT}/YunImageBrowser/YunImageBrowser/YunImageBrowser/Assets/PlayButtonOverlayLargeTap.png",
				"${PODS_ROOT}/YunImageBrowser/YunImageBrowser/YunImageBrowser/Assets/PlayButtonOverlayLargeTap@2x.png",
				"${PODS_ROOT}/YunImageBrowser/YunImageBrowser/YunImageBrowser/Assets/PlayButtonOverlayLargeTap@3x.png",
				"${PODS_ROOT}/YunImageBrowser/YunImageBrowser/YunImageBrowser/Assets/UIBarButtonItemArrowLeft.png",
				"${PODS_ROOT}/YunImageBrowser/YunImageBrowser/YunImageBrowser/Assets/UIBarButtonItemArrowLeft@2x.png",
				"${PODS_ROOT}/YunImageBrowser/YunImageBrowser/YunImageBrowser/Assets/UIBarButtonItemArrowLeft@3x.png",
				"${PODS_ROOT}/YunImageBrowser/YunImageBrowser/YunImageBrowser/Assets/UIBarButtonItemArrowRight.png",
				"${PODS_ROOT}/YunImageBrowser/YunImageBrowser/YunImageBrowser/Assets/UIBarButtonItemArrowRight@2x.png",
				"${PODS_ROOT}/YunImageBrowser/YunImageBrowser/YunImageBrowser/Assets/UIBarButtonItemArrowRight@3x.png",
				"${PODS_ROOT}/YunImageBrowser/YunImageBrowser/YunImageBrowser/Assets/UIBarButtonItemGrid.png",
				"${PODS_ROOT}/YunImageBrowser/YunImageBrowser/YunImageBrowser/Assets/UIBarButtonItemGrid@2x.png",
				"${PODS_ROOT}/YunImageBrowser/YunImageBrowser/YunImageBrowser/Assets/UIBarButtonItemGrid@3x.png",
				"${PODS_ROOT}/YunImageBrowser/YunImageBrowser/YunImageBrowser/Assets/VideoOverlay.png",
				"${PODS_ROOT}/YunImageBrowser/YunImageBrowser/YunImageBrowser/Assets/VideoOverlay@2x.png",
				"${PODS_ROOT}/YunImageBrowser/YunImageBrowser/YunImageBrowser/Assets/VideoOverlay@3x.png",
			);
			name = "[CP] Copy Pods Resources";
			outputPaths = (
				"${TARGET_BUILD_DIR}/${UNLOCALIZED_RESOURCES_FOLDER_PATH}/TZImagePickerController.bundle",
				"${TARGET_BUILD_DIR}/${UNLOCALIZED_RESOURCES_FOLDER_PATH}/ImageError.png",
				"${TARGET_BUILD_DIR}/${UNLOCALIZED_RESOURCES_FOLDER_PATH}/ImageError@2x.png",
				"${TARGET_BUILD_DIR}/${UNLOCALIZED_RESOURCES_FOLDER_PATH}/ImageError@3x.png",
				"${TARGET_BUILD_DIR}/${UNLOCALIZED_RESOURCES_FOLDER_PATH}/ImageSelectedOff.png",
				"${TARGET_BUILD_DIR}/${UNLOCALIZED_RESOURCES_FOLDER_PATH}/ImageSelectedOff@2x.png",
				"${TARGET_BUILD_DIR}/${UNLOCALIZED_RESOURCES_FOLDER_PATH}/ImageSelectedOff@3x.png",
				"${TARGET_BUILD_DIR}/${UNLOCALIZED_RESOURCES_FOLDER_PATH}/ImageSelectedOn.png",
				"${TARGET_BUILD_DIR}/${UNLOCALIZED_RESOURCES_FOLDER_PATH}/ImageSelectedOn@2x.png",
				"${TARGET_BUILD_DIR}/${UNLOCALIZED_RESOURCES_FOLDER_PATH}/ImageSelectedOn@3x.png",
				"${TARGET_BUILD_DIR}/${UNLOCALIZED_RESOURCES_FOLDER_PATH}/ImageSelectedSmallOff.png",
				"${TARGET_BUILD_DIR}/${UNLOCALIZED_RESOURCES_FOLDER_PATH}/ImageSelectedSmallOff@2x.png",
				"${TARGET_BUILD_DIR}/${UNLOCALIZED_RESOURCES_FOLDER_PATH}/ImageSelectedSmallOff@3x.png",
				"${TARGET_BUILD_DIR}/${UNLOCALIZED_RESOURCES_FOLDER_PATH}/ImageSelectedSmallOn.png",
				"${TARGET_BUILD_DIR}/${UNLOCALIZED_RESOURCES_FOLDER_PATH}/ImageSelectedSmallOn@2x.png",
				"${TARGET_BUILD_DIR}/${UNLOCALIZED_RESOURCES_FOLDER_PATH}/ImageSelectedSmallOn@3x.png",
				"${TARGET_BUILD_DIR}/${UNLOCALIZED_RESOURCES_FOLDER_PATH}/PlayButtonOverlayLarge.png",
				"${TARGET_BUILD_DIR}/${UNLOCALIZED_RESOURCES_FOLDER_PATH}/PlayButtonOverlayLarge@2x.png",
				"${TARGET_BUILD_DIR}/${UNLOCALIZED_RESOURCES_FOLDER_PATH}/PlayButtonOverlayLarge@3x.png",
				"${TARGET_BUILD_DIR}/${UNLOCALIZED_RESOURCES_FOLDER_PATH}/PlayButtonOverlayLargeTap.png",
				"${TARGET_BUILD_DIR}/${UNLOCALIZED_RESOURCES_FOLDER_PATH}/PlayButtonOverlayLargeTap@2x.png",
				"${TARGET_BUILD_DIR}/${UNLOCALIZED_RESOURCES_FOLDER_PATH}/PlayButtonOverlayLargeTap@3x.png",
				"${TARGET_BUILD_DIR}/${UNLOCALIZED_RESOURCES_FOLDER_PATH}/UIBarButtonItemArrowLeft.png",
				"${TARGET_BUILD_DIR}/${UNLOCALIZED_RESOURCES_FOLDER_PATH}/UIBarButtonItemArrowLeft@2x.png",
				"${TARGET_BUILD_DIR}/${UNLOCALIZED_RESOURCES_FOLDER_PATH}/UIBarButtonItemArrowLeft@3x.png",
				"${TARGET_BUILD_DIR}/${UNLOCALIZED_RESOURCES_FOLDER_PATH}/UIBarButtonItemArrowRight.png",
				"${TARGET_BUILD_DIR}/${UNLOCALIZED_RESOURCES_FOLDER_PATH}/UIBarButtonItemArrowRight@2x.png",
				"${TARGET_BUILD_DIR}/${UNLOCALIZED_RESOURCES_FOLDER_PATH}/UIBarButtonItemArrowRight@3x.png",
				"${TARGET_BUILD_DIR}/${UNLOCALIZED_RESOURCES_FOLDER_PATH}/UIBarButtonItemGrid.png",
				"${TARGET_BUILD_DIR}/${UNLOCALIZED_RESOURCES_FOLDER_PATH}/UIBarButtonItemGrid@2x.png",
				"${TARGET_BUILD_DIR}/${UNLOCALIZED_RESOURCES_FOLDER_PATH}/UIBarButtonItemGrid@3x.png",
				"${TARGET_BUILD_DIR}/${UNLOCALIZED_RESOURCES_FOLDER_PATH}/VideoOverlay.png",
				"${TARGET_BUILD_DIR}/${UNLOCALIZED_RESOURCES_FOLDER_PATH}/VideoOverlay@2x.png",
				"${TARGET_BUILD_DIR}/${UNLOCALIZED_RESOURCES_FOLDER_PATH}/VideoOverlay@3x.png",
			);
			runOnlyForDeploymentPostprocessing = 0;
			shellPath = /bin/sh;
			shellScript = "\"${SRCROOT}/Pods/Target Support Files/Pods-YunWebView/Pods-YunWebView-resources.sh\"\n";
			showEnvVarsInLog = 0;
		};
/* End PBXShellScriptBuildPhase section */

/* Begin PBXSourcesBuildPhase section */
		AE11100A20CDF5B500AA7464 /* Sources */ = {
			isa = PBXSourcesBuildPhase;
			buildActionMask = 2147483647;
			files = (
				AE9AF04821070E25006C249D /* YwvMediaQueryModel.m in Sources */,
				AE9AF04021070E25006C249D /* YwvHelper.m in Sources */,
				AE9AF04C21070E25006C249D /* YwvVcQueryModel.m in Sources */,
				AE9AF03E21070E25006C249D /* YwvFontQueryModel.m in Sources */,
				AE9AF04621070E25006C249D /* YwvImgQueryModel.m in Sources */,
				AE9AF03721070E25006C249D /* YunWebViewConfig.m in Sources */,
				AE9AF04A21070E25006C249D /* YwvNagQueryModel.m in Sources */,
				AE9AF03921070E25006C249D /* YunWebViewDefine.m in Sources */,
				AE9AF03C21070E25006C249D /* YwvErrorQueryModel.m in Sources */,
				AE9AF04221070E25006C249D /* YwvImgItem.m in Sources */,
				AE9AF04421070E25006C249D /* YwvImgList.m in Sources */,
				AE9AF03521070E25006C249D /* YunWebViewController.m in Sources */,
				1D4D2FB92CCDB185796B0FF9 /* UIImage+Rotate.m in Sources */,
			);
			runOnlyForDeploymentPostprocessing = 0;
		};
/* End PBXSourcesBuildPhase section */

/* Begin XCBuildConfiguration section */
		AE11101520CDF5B500AA7464 /* Debug */ = {
			isa = XCBuildConfiguration;
			buildSettings = {
				ALWAYS_SEARCH_USER_PATHS = NO;
				CLANG_ANALYZER_NONNULL = YES;
				CLANG_ANALYZER_NUMBER_OBJECT_CONVERSION = YES_AGGRESSIVE;
				CLANG_CXX_LANGUAGE_STANDARD = "gnu++14";
				CLANG_CXX_LIBRARY = "libc++";
				CLANG_ENABLE_MODULES = YES;
				CLANG_ENABLE_OBJC_ARC = YES;
				CLANG_ENABLE_OBJC_WEAK = YES;
				CLANG_WARN_BLOCK_CAPTURE_AUTORELEASING = YES;
				CLANG_WARN_BOOL_CONVERSION = YES;
				CLANG_WARN_COMMA = YES;
				CLANG_WARN_CONSTANT_CONVERSION = YES;
				CLANG_WARN_DEPRECATED_OBJC_IMPLEMENTATIONS = YES;
				CLANG_WARN_DIRECT_OBJC_ISA_USAGE = YES_ERROR;
				CLANG_WARN_DOCUMENTATION_COMMENTS = YES;
				CLANG_WARN_EMPTY_BODY = YES;
				CLANG_WARN_ENUM_CONVERSION = YES;
				CLANG_WARN_INFINITE_RECURSION = YES;
				CLANG_WARN_INT_CONVERSION = YES;
				CLANG_WARN_NON_LITERAL_NULL_CONVERSION = YES;
				CLANG_WARN_OBJC_IMPLICIT_RETAIN_SELF = YES;
				CLANG_WARN_OBJC_LITERAL_CONVERSION = YES;
				CLANG_WARN_OBJC_ROOT_CLASS = YES_ERROR;
				CLANG_WARN_RANGE_LOOP_ANALYSIS = YES;
				CLANG_WARN_STRICT_PROTOTYPES = YES;
				CLANG_WARN_SUSPICIOUS_MOVE = YES;
				CLANG_WARN_UNGUARDED_AVAILABILITY = YES_AGGRESSIVE;
				CLANG_WARN_UNREACHABLE_CODE = YES;
				CLANG_WARN__DUPLICATE_METHOD_MATCH = YES;
				CODE_SIGN_IDENTITY = "iPhone Developer";
				COPY_PHASE_STRIP = NO;
				CURRENT_PROJECT_VERSION = 1;
				DEBUG_INFORMATION_FORMAT = dwarf;
				ENABLE_STRICT_OBJC_MSGSEND = YES;
				ENABLE_TESTABILITY = YES;
				GCC_C_LANGUAGE_STANDARD = gnu11;
				GCC_DYNAMIC_NO_PIC = NO;
				GCC_NO_COMMON_BLOCKS = YES;
				GCC_OPTIMIZATION_LEVEL = 0;
				GCC_PREPROCESSOR_DEFINITIONS = (
					"DEBUG=1",
					"$(inherited)",
				);
				GCC_WARN_64_TO_32_BIT_CONVERSION = YES;
				GCC_WARN_ABOUT_RETURN_TYPE = YES_ERROR;
				GCC_WARN_UNDECLARED_SELECTOR = YES;
				GCC_WARN_UNINITIALIZED_AUTOS = YES_AGGRESSIVE;
				GCC_WARN_UNUSED_FUNCTION = YES;
				GCC_WARN_UNUSED_VARIABLE = YES;
				IPHONEOS_DEPLOYMENT_TARGET = 11.4;
				MTL_ENABLE_DEBUG_INFO = YES;
				ONLY_ACTIVE_ARCH = YES;
				SDKROOT = iphoneos;
				VERSIONING_SYSTEM = "apple-generic";
				VERSION_INFO_PREFIX = "";
			};
			name = Debug;
		};
		AE11101620CDF5B500AA7464 /* Release */ = {
			isa = XCBuildConfiguration;
			buildSettings = {
				ALWAYS_SEARCH_USER_PATHS = NO;
				CLANG_ANALYZER_NONNULL = YES;
				CLANG_ANALYZER_NUMBER_OBJECT_CONVERSION = YES_AGGRESSIVE;
				CLANG_CXX_LANGUAGE_STANDARD = "gnu++14";
				CLANG_CXX_LIBRARY = "libc++";
				CLANG_ENABLE_MODULES = YES;
				CLANG_ENABLE_OBJC_ARC = YES;
				CLANG_ENABLE_OBJC_WEAK = YES;
				CLANG_WARN_BLOCK_CAPTURE_AUTORELEASING = YES;
				CLANG_WARN_BOOL_CONVERSION = YES;
				CLANG_WARN_COMMA = YES;
				CLANG_WARN_CONSTANT_CONVERSION = YES;
				CLANG_WARN_DEPRECATED_OBJC_IMPLEMENTATIONS = YES;
				CLANG_WARN_DIRECT_OBJC_ISA_USAGE = YES_ERROR;
				CLANG_WARN_DOCUMENTATION_COMMENTS = YES;
				CLANG_WARN_EMPTY_BODY = YES;
				CLANG_WARN_ENUM_CONVERSION = YES;
				CLANG_WARN_INFINITE_RECURSION = YES;
				CLANG_WARN_INT_CONVERSION = YES;
				CLANG_WARN_NON_LITERAL_NULL_CONVERSION = YES;
				CLANG_WARN_OBJC_IMPLICIT_RETAIN_SELF = YES;
				CLANG_WARN_OBJC_LITERAL_CONVERSION = YES;
				CLANG_WARN_OBJC_ROOT_CLASS = YES_ERROR;
				CLANG_WARN_RANGE_LOOP_ANALYSIS = YES;
				CLANG_WARN_STRICT_PROTOTYPES = YES;
				CLANG_WARN_SUSPICIOUS_MOVE = YES;
				CLANG_WARN_UNGUARDED_AVAILABILITY = YES_AGGRESSIVE;
				CLANG_WARN_UNREACHABLE_CODE = YES;
				CLANG_WARN__DUPLICATE_METHOD_MATCH = YES;
				CODE_SIGN_IDENTITY = "iPhone Developer";
				COPY_PHASE_STRIP = NO;
				CURRENT_PROJECT_VERSION = 1;
				DEBUG_INFORMATION_FORMAT = "dwarf-with-dsym";
				ENABLE_NS_ASSERTIONS = NO;
				ENABLE_STRICT_OBJC_MSGSEND = YES;
				GCC_C_LANGUAGE_STANDARD = gnu11;
				GCC_NO_COMMON_BLOCKS = YES;
				GCC_WARN_64_TO_32_BIT_CONVERSION = YES;
				GCC_WARN_ABOUT_RETURN_TYPE = YES_ERROR;
				GCC_WARN_UNDECLARED_SELECTOR = YES;
				GCC_WARN_UNINITIALIZED_AUTOS = YES_AGGRESSIVE;
				GCC_WARN_UNUSED_FUNCTION = YES;
				GCC_WARN_UNUSED_VARIABLE = YES;
				IPHONEOS_DEPLOYMENT_TARGET = 11.4;
				MTL_ENABLE_DEBUG_INFO = NO;
				SDKROOT = iphoneos;
				VALIDATE_PRODUCT = YES;
				VERSIONING_SYSTEM = "apple-generic";
				VERSION_INFO_PREFIX = "";
			};
			name = Release;
		};
		AE11101820CDF5B500AA7464 /* Debug */ = {
			isa = XCBuildConfiguration;
			baseConfigurationReference = AF6B2886ED605B4FDE154715 /* Pods-YunWebView.debug.xcconfig */;
			buildSettings = {
				CODE_SIGN_IDENTITY = "";
				CODE_SIGN_STYLE = Automatic;
				DEFINES_MODULE = YES;
				DEVELOPMENT_TEAM = 9WMKP2SNG2;
				DYLIB_COMPATIBILITY_VERSION = 1;
				DYLIB_CURRENT_VERSION = 1;
				DYLIB_INSTALL_NAME_BASE = "@rpath";
				INFOPLIST_FILE = YunWebView/Info.plist;
				INSTALL_PATH = "$(LOCAL_LIBRARY_DIR)/Frameworks";
				IPHONEOS_DEPLOYMENT_TARGET = 9.0;
				LD_RUNPATH_SEARCH_PATHS = (
					"$(inherited)",
					"@executable_path/Frameworks",
					"@loader_path/Frameworks",
				);
				PRODUCT_BUNDLE_IDENTIFIER = com.yun.YunWebView;
				PRODUCT_NAME = "$(TARGET_NAME:c99extidentifier)";
				SKIP_INSTALL = YES;
				TARGETED_DEVICE_FAMILY = "1,2";
			};
			name = Debug;
		};
		AE11101920CDF5B500AA7464 /* Release */ = {
			isa = XCBuildConfiguration;
			baseConfigurationReference = 1EDBB55FBCB02EA53428A399 /* Pods-YunWebView.release.xcconfig */;
			buildSettings = {
				CODE_SIGN_IDENTITY = "";
				CODE_SIGN_STYLE = Automatic;
				DEFINES_MODULE = YES;
				DEVELOPMENT_TEAM = 9WMKP2SNG2;
				DYLIB_COMPATIBILITY_VERSION = 1;
				DYLIB_CURRENT_VERSION = 1;
				DYLIB_INSTALL_NAME_BASE = "@rpath";
				INFOPLIST_FILE = YunWebView/Info.plist;
				INSTALL_PATH = "$(LOCAL_LIBRARY_DIR)/Frameworks";
				IPHONEOS_DEPLOYMENT_TARGET = 9.0;
				LD_RUNPATH_SEARCH_PATHS = (
					"$(inherited)",
					"@executable_path/Frameworks",
					"@loader_path/Frameworks",
				);
				PRODUCT_BUNDLE_IDENTIFIER = com.yun.YunWebView;
				PRODUCT_NAME = "$(TARGET_NAME:c99extidentifier)";
				SKIP_INSTALL = YES;
				TARGETED_DEVICE_FAMILY = "1,2";
			};
			name = Release;
		};
/* End XCBuildConfiguration section */

/* Begin XCConfigurationList section */
		AE11100920CDF5B500AA7464 /* Build configuration list for PBXProject "YunWebView" */ = {
			isa = XCConfigurationList;
			buildConfigurations = (
				AE11101520CDF5B500AA7464 /* Debug */,
				AE11101620CDF5B500AA7464 /* Release */,
			);
			defaultConfigurationIsVisible = 0;
			defaultConfigurationName = Release;
		};
		AE11101720CDF5B500AA7464 /* Build configuration list for PBXNativeTarget "YunWebView" */ = {
			isa = XCConfigurationList;
			buildConfigurations = (
				AE11101820CDF5B500AA7464 /* Debug */,
				AE11101920CDF5B500AA7464 /* Release */,
			);
			defaultConfigurationIsVisible = 0;
			defaultConfigurationName = Release;
		};
/* End XCConfigurationList section */
	};
	rootObject = AE11100620CDF5B500AA7464 /* Project object */;
}
