PODS:
  - AFNetworking (3.2.1):
    - AFNetworking/NSURLSession (= 3.2.1)
    - AFNetworking/Reachability (= 3.2.1)
    - AFNetworking/Security (= 3.2.1)
    - AFNetworking/Serialization (= 3.2.1)
    - AFNetworking/UIKit (= 3.2.1)
  - AFNetworking/NSURLSession (3.2.1):
    - AFNetworking/Reachability
    - AFNetworking/Security
    - AFNetworking/Serialization
  - AFNetworking/Reachability (3.2.1)
  - AFNetworking/Security (3.2.1)
  - AFNetworking/Serialization (3.2.1)
  - AFNetworking/UIKit (3.2.1):
    - AFNetworking/NSURLSession
  - ClusterPrePermissions (0.8.1)
  - DACircularProgress (2.3.1)
  - JSONModel (1.8.0)
  - Mantle (2.1.0):
    - Mantle/extobjc (= 2.1.0)
  - Mantle/extobjc (2.1.0)
  - Masonry (1.1.0)
  - MBProgressHUD (1.1.0)
  - SDWebImage (4.4.2):
    - SDWebImage/Core (= 4.4.2)
  - SDWebImage/Core (4.4.2)
  - TZImagePickerController (3.0.9)
  - YunBaseApp (0.0.43):
    - AFNetworking
    - Mantle
    - Masonry
    - MBProgressHUD
    - YunKits
  - YunImageBrowser (0.0.2):
    - DACircularProgress
    - MBProgressHUD
    - SDWebImage
  - YunImgView (0.0.19):
    - Mantle
    - Masonry
    - TZImagePickerController
    - YunImageBrowser
    - YunKits
    - YunPmsHelper
  - YunKits (0.0.49):
    - AFNetworking
    - Masonry
    - SDWebImage
  - YunPmsHelper (0.0.2):
    - ClusterPrePermissions

DEPENDENCIES:
  - JSONModel
  - YunBaseApp
  - YunImgView

SPEC REPOS:
  https://github.com/cocoapods/specs.git:
    - AFNetworking
    - ClusterPrePermissions
    - DACircularProgress
    - JSONModel
    - Mantle
    - Masonry
    - MBProgressHUD
    - SDWebImage
    - TZImagePickerController
    - YunBaseApp
    - YunImageBrowser
    - YunImgView
    - YunKits
    - YunPmsHelper

SPEC CHECKSUMS:
  AFNetworking: b6f891fdfaed196b46c7a83cf209e09697b94057
  ClusterPrePermissions: 168c127a658e423062550dd9c56fe26042a58bce
  DACircularProgress: 4dd437c0fc3da5161cb289e07ac449493d41db71
  JSONModel: 02ab723958366a3fd27da57ea2af2113658762e9
  Mantle: 2fa750afa478cd625a94230fbf1c13462f29395b
  Masonry: 678fab65091a9290e40e2832a55e7ab731aad201
  MBProgressHUD: e7baa36a220447d8aeb12769bf0585582f3866d9
  SDWebImage: 624d6e296c69b244bcede364c72ae0430ac14681
  TZImagePickerController: ea3e906af8caa7088f612ad673feb73cc6aa6bfc
  YunBaseApp: f51956de4fb24ee4c04246329746c48490ac05b7
  YunImageBrowser: 52098e2785fc2a73f20c1687d448b441128444ba
  YunImgView: fd06b9a005e8823db572f39d2747350f0ec10e34
  YunKits: 44d27f42939d951f87c9b21b5d67ffc1ffc86937
  YunPmsHelper: da8b5882c0927751e8a2c29a501ac16ae5b15757

PODFILE CHECKSUM: d6d59513ee6bb7ae7fa7eee9fa97bc46aba8f1f5

COCOAPODS: 1.5.3
